#MicroXplorer Configuration settings - do not modify
ADC1.Channel-0\#ChannelRegularConversion=ADC_CHANNEL_6
ADC1.ContinuousConvMode=DISABLE
ADC1.DataAlign=ADC_DATAALIGN_RIGHT
ADC1.DiscontinuousConvMode=DISABLE
ADC1.EnableAnalogWatchDog=false
ADC1.EnableRegularConversion=ENABLE
ADC1.ExternalTrigConv=ADC_EXTERNALTRIGCONV_T8_TRGO
ADC1.IPParameters=Rank-0\#ChannelRegularConversion,Channel-0\#ChannelRegularConversion,SamplingTime-0\#ChannelRegularConversion,NbrOfConversionFlag,master,DataAlign,ScanConvMode,ContinuousConvMode,DiscontinuousConvMode,EnableRegularConversion,NbrOfConversion,ExternalTrigConv,InjNumberOfConversion,EnableAnalogWatchDog
ADC1.InjNumberOfConversion=0
ADC1.NbrOfConversion=1
ADC1.NbrOfConversionFlag=1
ADC1.Rank-0\#ChannelRegularConversion=1
ADC1.SamplingTime-0\#ChannelRegularConversion=ADC_SAMPLETIME_28CYCLES_5
ADC1.ScanConvMode=ADC_SCAN_DISABLE
ADC1.master=1
DAC.DAC_Trigger2=DAC_TRIGGER_T8_TRGO
DAC.IPParameters=DAC_Trigger2
Dma.ADC1.3.Direction=DMA_PERIPH_TO_MEMORY
Dma.ADC1.3.Instance=DMA1_Channel1
Dma.ADC1.3.MemDataAlignment=DMA_MDATAALIGN_HALFWORD
Dma.ADC1.3.MemInc=DMA_MINC_ENABLE
Dma.ADC1.3.Mode=DMA_CIRCULAR
Dma.ADC1.3.PeriphDataAlignment=DMA_PDATAALIGN_HALFWORD
Dma.ADC1.3.PeriphInc=DMA_PINC_DISABLE
Dma.ADC1.3.Priority=DMA_PRIORITY_HIGH
Dma.ADC1.3.RequestParameters=Instance,Direction,PeriphInc,MemInc,PeriphDataAlignment,MemDataAlignment,Mode,Priority
Dma.DAC_CH2.2.Direction=DMA_MEMORY_TO_PERIPH
Dma.DAC_CH2.2.Instance=DMA2_Channel4
Dma.DAC_CH2.2.MemDataAlignment=DMA_MDATAALIGN_BYTE
Dma.DAC_CH2.2.MemInc=DMA_MINC_ENABLE
Dma.DAC_CH2.2.Mode=DMA_CIRCULAR
Dma.DAC_CH2.2.PeriphDataAlignment=DMA_PDATAALIGN_BYTE
Dma.DAC_CH2.2.PeriphInc=DMA_PINC_DISABLE
Dma.DAC_CH2.2.Priority=DMA_PRIORITY_HIGH
Dma.DAC_CH2.2.RequestParameters=Instance,Direction,PeriphInc,MemInc,PeriphDataAlignment,MemDataAlignment,Mode,Priority
Dma.Request0=USART2_RX
Dma.Request1=USART2_TX
Dma.Request2=DAC_CH2
Dma.Request3=ADC1
Dma.RequestsNb=4
Dma.USART2_RX.0.Direction=DMA_PERIPH_TO_MEMORY
Dma.USART2_RX.0.Instance=DMA1_Channel6
Dma.USART2_RX.0.MemDataAlignment=DMA_MDATAALIGN_BYTE
Dma.USART2_RX.0.MemInc=DMA_MINC_ENABLE
Dma.USART2_RX.0.Mode=DMA_NORMAL
Dma.USART2_RX.0.PeriphDataAlignment=DMA_PDATAALIGN_BYTE
Dma.USART2_RX.0.PeriphInc=DMA_PINC_DISABLE
Dma.USART2_RX.0.Priority=DMA_PRIORITY_VERY_HIGH
Dma.USART2_RX.0.RequestParameters=Instance,Direction,PeriphInc,MemInc,PeriphDataAlignment,MemDataAlignment,Mode,Priority
Dma.USART2_TX.1.Direction=DMA_MEMORY_TO_PERIPH
Dma.USART2_TX.1.Instance=DMA1_Channel7
Dma.USART2_TX.1.MemDataAlignment=DMA_MDATAALIGN_BYTE
Dma.USART2_TX.1.MemInc=DMA_MINC_ENABLE
Dma.USART2_TX.1.Mode=DMA_NORMAL
Dma.USART2_TX.1.PeriphDataAlignment=DMA_PDATAALIGN_BYTE
Dma.USART2_TX.1.PeriphInc=DMA_PINC_DISABLE
Dma.USART2_TX.1.Priority=DMA_PRIORITY_VERY_HIGH
Dma.USART2_TX.1.RequestParameters=Instance,Direction,PeriphInc,MemInc,PeriphDataAlignment,MemDataAlignment,Mode,Priority
File.Version=6
KeepUserPlacement=false
Mcu.Family=STM32F1
Mcu.IP0=ADC1
Mcu.IP1=DAC
Mcu.IP2=DMA
Mcu.IP3=NVIC
Mcu.IP4=RCC
Mcu.IP5=SYS
Mcu.IP6=TIM1
Mcu.IP7=TIM2
Mcu.IP8=TIM8
Mcu.IP9=USART2
Mcu.IPNb=10
Mcu.Name=STM32F103R(C-D-E)Tx
Mcu.Package=LQFP64
Mcu.Pin0=PA2
Mcu.Pin1=PA3
Mcu.Pin10=PB4
Mcu.Pin11=VP_SYS_VS_Systick
Mcu.Pin12=VP_TIM1_VS_ClockSourceINT
Mcu.Pin13=VP_TIM2_VS_ClockSourceINT
Mcu.Pin14=VP_TIM8_VS_ClockSourceINT
Mcu.Pin2=PA4
Mcu.Pin3=PA5
Mcu.Pin4=PA6
Mcu.Pin5=PA7
Mcu.Pin6=PB0
Mcu.Pin7=PB11
Mcu.Pin8=PA13
Mcu.Pin9=PA14
Mcu.PinsNb=15
Mcu.ThirdPartyNb=0
Mcu.UserConstants=
Mcu.UserName=STM32F103RETx
MxCube.Version=4.24.0
MxDb.Version=DB.4.0.240
NVIC.BusFault_IRQn=true\:0\:0\:false\:false\:true\:false
NVIC.DMA1_Channel1_IRQn=true\:0\:0\:false\:false\:true\:false
NVIC.DMA1_Channel6_IRQn=true\:0\:0\:false\:false\:true\:false
NVIC.DMA1_Channel7_IRQn=true\:0\:0\:false\:false\:true\:false
NVIC.DMA2_Channel4_5_IRQn=true\:0\:0\:false\:false\:true\:false
NVIC.DebugMonitor_IRQn=true\:0\:0\:false\:false\:true\:false
NVIC.HardFault_IRQn=true\:0\:0\:false\:false\:true\:false
NVIC.MemoryManagement_IRQn=true\:0\:0\:false\:false\:true\:false
NVIC.NonMaskableInt_IRQn=true\:0\:0\:false\:false\:true\:false
NVIC.PendSV_IRQn=true\:0\:0\:false\:false\:true\:false
NVIC.PriorityGroup=NVIC_PRIORITYGROUP_4
NVIC.SVCall_IRQn=true\:0\:0\:false\:false\:true\:false
NVIC.SysTick_IRQn=true\:0\:0\:false\:false\:true\:false
NVIC.TIM1_UP_IRQn=true\:0\:0\:false\:false\:true\:true
NVIC.TIM2_IRQn=true\:0\:0\:false\:false\:true\:true
NVIC.USART2_IRQn=true\:0\:0\:false\:false\:true\:true
NVIC.UsageFault_IRQn=true\:0\:0\:false\:false\:true\:false
PA13.Mode=Serial_Wire
PA13.Signal=SYS_JTMS-SWDIO
PA14.Mode=Serial_Wire
PA14.Signal=SYS_JTCK-SWCLK
PA2.Locked=true
PA2.Mode=Asynchronous
PA2.Signal=USART2_TX
PA3.Mode=Asynchronous
PA3.Signal=USART2_RX
PA4.Locked=true
PA4.Signal=GPIO_Output
PA5.Locked=true
PA5.Signal=COMP_DAC2_group
PA6.Locked=true
PA6.Signal=ADCx_IN6
PA7.Locked=true
PA7.Signal=GPIO_Output
PB0.GPIOParameters=GPIO_PuPd
PB0.GPIO_PuPd=GPIO_PULLDOWN
PB0.Locked=true
PB0.Signal=GPIO_Input
PB11.Locked=true
PB11.Signal=GPIO_Output
PB4.GPIOParameters=GPIO_PuPd
PB4.GPIO_PuPd=GPIO_PULLDOWN
PB4.Locked=true
PB4.Signal=GPIO_Input
PCC.Checker=false
PCC.Line=STM32F103
PCC.MCU=STM32F103R(C-D-E)Tx
PCC.PartNumber=STM32F103RETx
PCC.Seq0=0
PCC.Series=STM32F1
PCC.Temperature=25
PCC.Vdd=3.3
PinOutPanel.RotationAngle=0
ProjectManager.AskForMigrate=true
ProjectManager.BackupPrevious=true
ProjectManager.CompilerOptimize=2
ProjectManager.ComputerToolchain=false
ProjectManager.CoupleFile=true
ProjectManager.CustomerFirmwarePackage=
ProjectManager.DefaultFWLocation=true
ProjectManager.DeletePrevious=true
ProjectManager.DeviceId=STM32F103RETx
ProjectManager.FirmwarePackage=STM32Cube FW_F1 V1.6.0
ProjectManager.FreePins=false
ProjectManager.HalAssertFull=false
ProjectManager.HeapSize=0x200
ProjectManager.KeepUserCode=true
ProjectManager.LastFirmware=true
ProjectManager.LibraryCopy=1
ProjectManager.PreviousToolchain=
ProjectManager.ProjectBuild=false
ProjectManager.ProjectFileName=Slave2.ioc
ProjectManager.ProjectName=Slave2
ProjectManager.StackSize=0x400
ProjectManager.TargetToolchain=MDK-ARM V5
ProjectManager.ToolChainLocation=
ProjectManager.UnderRoot=false
ProjectManager.functionlistsort=1-MX_GPIO_Init-GPIO-false-HAL-true,2-MX_DMA_Init-DMA-false-HAL-true,3-SystemClock_Config-RCC-false-HAL-true,4-MX_USART2_UART_Init-USART2-false-HAL-true,5-MX_TIM1_Init-TIM1-false-HAL-true,6-MX_TIM2_Init-TIM2-false-HAL-true,7-MX_ADC1_Init-ADC1-false-HAL-true,8-MX_DAC_Init-DAC-false-HAL-true,9-MX_TIM8_Init-TIM8-false-HAL-true
RCC.ADCFreqValue=8000000
RCC.ADCPresc=RCC_ADCPCLK2_DIV8
RCC.AHBFreq_Value=64000000
RCC.APB1CLKDivider=RCC_HCLK_DIV2
RCC.APB1Freq_Value=32000000
RCC.APB1TimFreq_Value=64000000
RCC.APB2Freq_Value=64000000
RCC.APB2TimFreq_Value=64000000
RCC.FCLKCortexFreq_Value=64000000
RCC.FamilyName=M
RCC.HCLKFreq_Value=64000000
RCC.I2S2Freq_Value=64000000
RCC.I2S3Freq_Value=64000000
RCC.IPParameters=ADCFreqValue,ADCPresc,AHBFreq_Value,APB1CLKDivider,APB1Freq_Value,APB1TimFreq_Value,APB2Freq_Value,APB2TimFreq_Value,FCLKCortexFreq_Value,FamilyName,HCLKFreq_Value,I2S2Freq_Value,I2S3Freq_Value,MCOFreq_Value,PLLCLKFreq_Value,PLLMCOFreq_Value,PLLMUL,SDIOFreq_Value,SDIOHCLKDiv2FreqValue,SYSCLKFreq_VALUE,SYSCLKSource,TimSysFreq_Value,USBFreq_Value
RCC.MCOFreq_Value=64000000
RCC.PLLCLKFreq_Value=64000000
RCC.PLLMCOFreq_Value=32000000
RCC.PLLMUL=RCC_PLL_MUL16
RCC.SDIOFreq_Value=64000000
RCC.SDIOHCLKDiv2FreqValue=32000000
RCC.SYSCLKFreq_VALUE=64000000
RCC.SYSCLKSource=RCC_SYSCLKSOURCE_PLLCLK
RCC.TimSysFreq_Value=64000000
RCC.USBFreq_Value=64000000
SH.ADCx_IN6.0=ADC1_IN6,IN6
SH.ADCx_IN6.ConfNb=1
SH.COMP_DAC2_group.0=DAC_OUT2,DAC_OUT2
SH.COMP_DAC2_group.ConfNb=1
TIM1.AutoReloadPreload=TIM_AUTORELOAD_PRELOAD_ENABLE
TIM1.IPParameters=Prescaler,Period,AutoReloadPreload
TIM1.Period=65535
TIM1.Prescaler=64
TIM2.IPParameters=Prescaler,Period
TIM2.Period=35
TIM2.Prescaler=64000
TIM8.AutoReloadPreload=TIM_AUTORELOAD_PRELOAD_ENABLE
TIM8.IPParameters=Prescaler,Period,AutoReloadPreload,TIM_MasterOutputTrigger
TIM8.Period=124
TIM8.Prescaler=63
TIM8.TIM_MasterOutputTrigger=TIM_TRGO_UPDATE
USART2.BaudRate=230400
USART2.IPParameters=VirtualMode,BaudRate
USART2.VirtualMode=VM_ASYNC
VP_SYS_VS_Systick.Mode=SysTick
VP_SYS_VS_Systick.Signal=SYS_VS_Systick
VP_TIM1_VS_ClockSourceINT.Mode=Internal
VP_TIM1_VS_ClockSourceINT.Signal=TIM1_VS_ClockSourceINT
VP_TIM2_VS_ClockSourceINT.Mode=Internal
VP_TIM2_VS_ClockSourceINT.Signal=TIM2_VS_ClockSourceINT
VP_TIM8_VS_ClockSourceINT.Mode=Internal
VP_TIM8_VS_ClockSourceINT.Signal=TIM8_VS_ClockSourceINT
board=Slave2
